Microsoft Visual Studio Solution File, Format Version 12.00
# Visual Studio Version 17
VisualStudioVersion = 17.5.2.0
MinimumVisualStudioVersion = 10.0.40219.1
Project("{FAE04EC0-301F-11D3-BF4B-00C04F79EFBC}") = "disneyMais", "disneyMais.csproj", "{C6183D30-5DE6-8733-83B8-9AA47CEC7997}"
EndProject
Global
	GlobalSection(SolutionConfigurationPlatforms) = preSolution
		Debug|Any CPU = Debug|Any CPU
		Release|Any CPU = Release|Any CPU
	EndGlobalSection
	GlobalSection(ProjectConfigurationPlatforms) = postSolution
		{C6183D30-5DE6-8733-83B8-9AA47CEC7997}.Debug|Any CPU.ActiveCfg = Debug|Any CPU
		{C6183D30-5DE6-8733-83B8-9AA47CEC7997}.Debug|Any CPU.Build.0 = Debug|Any CPU
		{C6183D30-5DE6-8733-83B8-9AA47CEC7997}.Release|Any CPU.ActiveCfg = Release|Any CPU
		{C6183D30-5DE6-8733-83B8-9AA47CEC7997}.Release|Any CPU.Build.0 = Release|Any CPU
	EndGlobalSection
	GlobalSection(SolutionProperties) = preSolution
		HideSolutionNode = FALSE
	EndGlobalSection
	GlobalSection(ExtensibilityGlobals) = postSolution
		SolutionGuid = {707CE1D7-7036-47E6-990A-45674FD83E64}
	EndGlobalSection
EndGlobal
